
Microsoft Visual Studio Solution File, Format Version 12.00
# Visual Studio Version 17
VisualStudioVersion = 17.4.33205.214
MinimumVisualStudioVersion = 10.0.40219.1
Project("{888888A0-9F3D-457C-B088-3A5042F75D52}") = "Akna loomine. Kujundite joonistamine ja piltide lisamine", "Akna loomine. Kujundite joonistamine ja piltide lisamine\Akna loomine. Kujundite joonistamine ja piltide lisamine.pyproj", "{922E5A7F-003F-4EE6-9ED3-89D5EB3E1C9E}"
EndProject
Global
	GlobalSection(SolutionConfigurationPlatforms) = preSolution
		Debug|Any CPU = Debug|Any CPU
		Release|Any CPU = Release|Any CPU
	EndGlobalSection
	GlobalSection(ProjectConfigurationPlatforms) = postSolution
		{922E5A7F-003F-4EE6-9ED3-89D5EB3E1C9E}.Debug|Any CPU.ActiveCfg = Debug|Any CPU
		{922E5A7F-003F-4EE6-9ED3-89D5EB3E1C9E}.Release|Any CPU.ActiveCfg = Release|Any CPU
	EndGlobalSection
	GlobalSection(SolutionProperties) = preSolution
		HideSolutionNode = FALSE
	EndGlobalSection
	GlobalSection(ExtensibilityGlobals) = postSolution
		SolutionGuid = {C30289F5-4AAB-47A5-9DB3-3D04C763B0DA}
	EndGlobalSection
EndGlobal
